{
  "version": 4,
  "terraform_version": "1.11.3",
  "serial": 698,
  "lineage": "04a67ce0-aaeb-f072-6bee-92d65aa241f8",
  "outputs": {},
  "resources": [
    {
      "mode": "managed",
      "type": "docker_container",
      "name": "ansible",
      "provider": "provider[\"registry.terraform.io/kreuzwerker/docker\"]",
      "instances": [
        {
          "schema_version": 2,
          "attributes": {
            "attach": false,
            "bridge": "",
            "capabilities": [],
            "cgroupns_mode": null,
            "command": [
              "sleep",
              "infinity"
            ],
            "container_logs": null,
            "container_read_refresh_timeout_milliseconds": 15000,
            "cpu_set": "",
            "cpu_shares": 0,
            "destroy_grace_seconds": null,
            "devices": [],
            "dns": null,
            "dns_opts": null,
            "dns_search": null,
            "domainname": "",
            "entrypoint": [],
            "env": [],
            "exit_code": null,
            "gpus": null,
            "group_add": null,
            "healthcheck": null,
            "host": [],
            "hostname": "d0e54972f342",
            "id": "d0e54972f342589273bc5f034cb99431512627cd3d07dca2066a28be8630eb95",
            "image": "sha256:85cd30d3dbda70e662b249dcb390b753bb0d26f0c883bf55b3051061b705727e",
            "init": false,
            "ipc_mode": "private",
            "labels": [],
            "log_driver": "json-file",
            "log_opts": null,
            "logs": false,
            "max_retry_count": 0,
            "memory": 0,
            "memory_swap": 0,
            "mounts": [],
            "must_run": true,
            "name": "lab-zero-trust-ansible",
            "network_data": [
              {
                "gateway": "172.21.0.1",
                "global_ipv6_address": "",
                "global_ipv6_prefix_length": 0,
                "ip_address": "172.21.0.3",
                "ip_prefix_length": 16,
                "ipv6_gateway": "",
                "mac_address": "82:e6:59:7d:b5:5e",
                "network_name": "minicurso-net"
              }
            ],
            "network_mode": "bridge",
            "networks_advanced": [
              {
                "aliases": [],
                "ipv4_address": "",
                "ipv6_address": "",
                "name": "minicurso-net"
              }
            ],
            "pid_mode": "",
            "ports": [],
            "privileged": false,
            "publish_all_ports": false,
            "read_only": false,
            "remove_volumes": true,
            "restart": "no",
            "rm": false,
            "runtime": "runc",
            "security_opts": [],
            "shm_size": 64,
            "start": true,
            "stdin_open": false,
            "stop_signal": "",
            "stop_timeout": 0,
            "storage_opts": null,
            "sysctls": null,
            "tmpfs": null,
            "tty": false,
            "ulimit": [],
            "upload": [],
            "user": "",
            "userns_mode": "",
            "volumes": [
              {
                "container_path": "/ansible",
                "from_container": "",
                "host_path": "/home/fellipe/PROJETO-DOCTOR/github/repositorios/sbseg25-IaC-ZT/etapa3-ansible",
                "read_only": null,
                "volume_name": ""
              },
              {
                "container_path": "/home/minicurso/.ssh/id_rsa",
                "from_container": "",
                "host_path": "/home/fellipe/PROJETO-DOCTOR/github/repositorios/sbseg25-IaC-ZT/etapa2-terraform/ssh_key/id_rsa",
                "read_only": null,
                "volume_name": ""
              }
            ],
            "wait": false,
            "wait_timeout": 60,
            "working_dir": ""
          },
          "sensitive_attributes": [],
          "private": "eyJzY2hlbWFfdmVyc2lvbiI6IjIifQ==",
          "dependencies": [
            "docker_image.ansible",
            "docker_network.minicurso-net"
          ]
        }
      ]
    },
    {
      "mode": "managed",
      "type": "docker_container",
      "name": "backup",
      "provider": "provider[\"registry.terraform.io/kreuzwerker/docker\"]",
      "instances": [
        {
          "schema_version": 2,
          "attributes": {
            "attach": false,
            "bridge": "",
            "capabilities": [],
            "cgroupns_mode": null,
            "command": [
              "sleep",
              "infinity"
            ],
            "container_logs": null,
            "container_read_refresh_timeout_milliseconds": 15000,
            "cpu_set": "",
            "cpu_shares": 0,
            "destroy_grace_seconds": null,
            "devices": [],
            "dns": null,
            "dns_opts": null,
            "dns_search": null,
            "domainname": "",
            "entrypoint": [],
            "env": [],
            "exit_code": null,
            "gpus": null,
            "group_add": null,
            "healthcheck": null,
            "host": [],
            "hostname": "447bb4dd05a1",
            "id": "447bb4dd05a1de4f20456b0fd51395ba3a158aa615132fbda6bb8426780bebf0",
            "image": "sha256:411bc66a7adb849165d4e733707efe59d6b5edf8b4d96506cb6a1e31ba270199",
            "init": false,
            "ipc_mode": "private",
            "labels": [],
            "log_driver": "json-file",
            "log_opts": null,
            "logs": false,
            "max_retry_count": 0,
            "memory": 0,
            "memory_swap": 0,
            "mounts": [],
            "must_run": true,
            "name": "lab-zero-trust-backup",
            "network_data": [
              {
                "gateway": "172.21.0.1",
                "global_ipv6_address": "",
                "global_ipv6_prefix_length": 0,
                "ip_address": "172.21.0.2",
                "ip_prefix_length": 16,
                "ipv6_gateway": "",
                "mac_address": "ce:ef:78:30:1e:09",
                "network_name": "minicurso-net"
              }
            ],
            "network_mode": "bridge",
            "networks_advanced": [
              {
                "aliases": [],
                "ipv4_address": "",
                "ipv6_address": "",
                "name": "minicurso-net"
              }
            ],
            "pid_mode": "",
            "ports": [],
            "privileged": false,
            "publish_all_ports": false,
            "read_only": false,
            "remove_volumes": true,
            "restart": "unless-stopped",
            "rm": false,
            "runtime": "runc",
            "security_opts": [],
            "shm_size": 64,
            "start": true,
            "stdin_open": false,
            "stop_signal": "",
            "stop_timeout": 0,
            "storage_opts": null,
            "sysctls": null,
            "tmpfs": null,
            "tty": false,
            "ulimit": [],
            "upload": [],
            "user": "",
            "userns_mode": "",
            "volumes": [
              {
                "container_path": "/home/minicurso/.ssh/authorized_keys",
                "from_container": "",
                "host_path": "/home/fellipe/PROJETO-DOCTOR/github/repositorios/sbseg25-IaC-ZT/etapa2-terraform/ssh_key/id_rsa.pub",
                "read_only": null,
                "volume_name": ""
              }
            ],
            "wait": false,
            "wait_timeout": 60,
            "working_dir": "/"
          },
          "sensitive_attributes": [],
          "private": "eyJzY2hlbWFfdmVyc2lvbiI6IjIifQ==",
          "dependencies": [
            "docker_image.backup",
            "docker_network.minicurso-net"
          ]
        }
      ]
    },
    {
      "mode": "managed",
      "type": "docker_container",
      "name": "glpi",
      "provider": "provider[\"registry.terraform.io/kreuzwerker/docker\"]",
      "instances": [
        {
          "schema_version": 2,
          "attributes": {
            "attach": false,
            "bridge": "",
            "capabilities": [],
            "cgroupns_mode": null,
            "command": [],
            "container_logs": null,
            "container_read_refresh_timeout_milliseconds": 15000,
            "cpu_set": "",
            "cpu_shares": 0,
            "destroy_grace_seconds": null,
            "devices": [],
            "dns": null,
            "dns_opts": null,
            "dns_search": null,
            "domainname": "",
            "entrypoint": [
              "/opt/glpi-start.sh"
            ],
            "env": [
              "DB_HOST=lab-zero-trust-mariadb",
              "DB_NAME=glpidb",
              "DB_PASSWORD=glpipass",
              "DB_USER=glpi"
            ],
            "exit_code": null,
            "gpus": null,
            "group_add": null,
            "healthcheck": null,
            "host": [],
            "hostname": "f955da759703",
            "id": "f955da7597036652ecc864c5c826345603f0d3b3aab60d0fe051ec4f3d3cf730",
            "image": "sha256:08472c90fa201fd9628892153817d0909c4e494b2ca7be0d1e7ac11df6b414f9",
            "init": false,
            "ipc_mode": "private",
            "labels": [],
            "log_driver": "json-file",
            "log_opts": null,
            "logs": false,
            "max_retry_count": 0,
            "memory": 0,
            "memory_swap": 0,
            "mounts": [],
            "must_run": true,
            "name": "lab-zero-trust-glpi",
            "network_data": [
              {
                "gateway": "172.21.0.1",
                "global_ipv6_address": "",
                "global_ipv6_prefix_length": 0,
                "ip_address": "172.21.0.5",
                "ip_prefix_length": 16,
                "ipv6_gateway": "",
                "mac_address": "3e:ee:ad:3d:cc:a3",
                "network_name": "minicurso-net"
              }
            ],
            "network_mode": "bridge",
            "networks_advanced": [
              {
                "aliases": [],
                "ipv4_address": "",
                "ipv6_address": "",
                "name": "minicurso-net"
              }
            ],
            "pid_mode": "",
            "ports": [
              {
                "external": 8080,
                "internal": 80,
                "ip": "0.0.0.0",
                "protocol": "tcp"
              }
            ],
            "privileged": false,
            "publish_all_ports": false,
            "read_only": false,
            "remove_volumes": true,
            "restart": "unless-stopped",
            "rm": false,
            "runtime": "runc",
            "security_opts": [],
            "shm_size": 64,
            "start": true,
            "stdin_open": false,
            "stop_signal": "",
            "stop_timeout": 0,
            "storage_opts": null,
            "sysctls": null,
            "tmpfs": null,
            "tty": false,
            "ulimit": [],
            "upload": [],
            "user": "",
            "userns_mode": "",
            "volumes": [
              {
                "container_path": "/home/minicurso/.ssh/authorized_keys",
                "from_container": "",
                "host_path": "/home/fellipe/PROJETO-DOCTOR/github/repositorios/sbseg25-IaC-ZT/etapa2-terraform/ssh_key/id_rsa.pub",
                "read_only": null,
                "volume_name": ""
              }
            ],
            "wait": false,
            "wait_timeout": 60,
            "working_dir": ""
          },
          "sensitive_attributes": [],
          "private": "eyJzY2hlbWFfdmVyc2lvbiI6IjIifQ==",
          "dependencies": [
            "docker_container.mariadb",
            "docker_image.glpi",
            "docker_image.mariadb",
            "docker_network.minicurso-net"
          ]
        }
      ]
    },
    {
      "mode": "managed",
      "type": "docker_container",
      "name": "mariadb",
      "provider": "provider[\"registry.terraform.io/kreuzwerker/docker\"]",
      "instances": [
        {
          "schema_version": 2,
          "attributes": {
            "attach": false,
            "bridge": "",
            "capabilities": [],
            "cgroupns_mode": null,
            "command": [
              "mariadbd"
            ],
            "container_logs": null,
            "container_read_refresh_timeout_milliseconds": 15000,
            "cpu_set": "",
            "cpu_shares": 0,
            "destroy_grace_seconds": null,
            "devices": [],
            "dns": null,
            "dns_opts": null,
            "dns_search": null,
            "domainname": "",
            "entrypoint": [
              "docker-entrypoint.sh"
            ],
            "env": [
              "MYSQL_DATABASE=glpidb",
              "MYSQL_PASSWORD=glpipass",
              "MYSQL_ROOT_PASSWORD=secret",
              "MYSQL_USER=glpi"
            ],
            "exit_code": null,
            "gpus": null,
            "group_add": null,
            "healthcheck": null,
            "host": [],
            "hostname": "774ff546a262",
            "id": "774ff546a2629751dcc7b7b71135010eb873d058f52d406099e856b3082ce08a",
            "image": "sha256:45e2873aa6dce2d4c4e4edb5f6c98cb164a8fa328b85f659bfdb452bc8f34357",
            "init": false,
            "ipc_mode": "private",
            "labels": [],
            "log_driver": "json-file",
            "log_opts": null,
            "logs": false,
            "max_retry_count": 0,
            "memory": 0,
            "memory_swap": 0,
            "mounts": [],
            "must_run": true,
            "name": "lab-zero-trust-mariadb",
            "network_data": [
              {
                "gateway": "172.21.0.1",
                "global_ipv6_address": "",
                "global_ipv6_prefix_length": 0,
                "ip_address": "172.21.0.4",
                "ip_prefix_length": 16,
                "ipv6_gateway": "",
                "mac_address": "6a:02:29:35:93:ef",
                "network_name": "minicurso-net"
              }
            ],
            "network_mode": "bridge",
            "networks_advanced": [
              {
                "aliases": [],
                "ipv4_address": "",
                "ipv6_address": "",
                "name": "minicurso-net"
              }
            ],
            "pid_mode": "",
            "ports": [],
            "privileged": false,
            "publish_all_ports": false,
            "read_only": false,
            "remove_volumes": true,
            "restart": "unless-stopped",
            "rm": false,
            "runtime": "runc",
            "security_opts": [],
            "shm_size": 64,
            "start": true,
            "stdin_open": false,
            "stop_signal": "",
            "stop_timeout": 0,
            "storage_opts": null,
            "sysctls": null,
            "tmpfs": null,
            "tty": false,
            "ulimit": [],
            "upload": [],
            "user": "",
            "userns_mode": "",
            "volumes": [
              {
                "container_path": "/home/minicurso/.ssh/authorized_keys",
                "from_container": "",
                "host_path": "/home/fellipe/PROJETO-DOCTOR/github/repositorios/sbseg25-IaC-ZT/etapa2-terraform/ssh_key/id_rsa.pub",
                "read_only": null,
                "volume_name": ""
              },
              {
                "container_path": "/var/lib/mysql",
                "from_container": "",
                "host_path": "/home/fellipe/PROJETO-DOCTOR/github/repositorios/sbseg25-IaC-ZT/etapa2-terraform/db_data",
                "read_only": null,
                "volume_name": ""
              }
            ],
            "wait": false,
            "wait_timeout": 60,
            "working_dir": ""
          },
          "sensitive_attributes": [],
          "private": "eyJzY2hlbWFfdmVyc2lvbiI6IjIifQ==",
          "dependencies": [
            "docker_image.mariadb",
            "docker_network.minicurso-net"
          ]
        }
      ]
    },
    {
      "mode": "managed",
      "type": "docker_image",
      "name": "ansible",
      "provider": "provider[\"registry.terraform.io/kreuzwerker/docker\"]",
      "instances": [
        {
          "schema_version": 0,
          "attributes": {
            "build": [],
            "force_remove": null,
            "id": "sha256:85cd30d3dbda70e662b249dcb390b753bb0d26f0c883bf55b3051061b705727ealpinelinux/ansible",
            "image_id": "sha256:85cd30d3dbda70e662b249dcb390b753bb0d26f0c883bf55b3051061b705727e",
            "keep_locally": null,
            "name": "alpinelinux/ansible",
            "platform": null,
            "pull_triggers": null,
            "repo_digest": "alpinelinux/ansible@sha256:8c8fd11e583528a685c78048dde1213584a5523921d8b76b9cc4c075df0e85ac",
            "triggers": null
          },
          "sensitive_attributes": [],
          "private": "bnVsbA=="
        }
      ]
    },
    {
      "mode": "managed",
      "type": "docker_image",
      "name": "backup",
      "provider": "provider[\"registry.terraform.io/kreuzwerker/docker\"]",
      "instances": [
        {
          "schema_version": 0,
          "attributes": {
            "build": [],
            "force_remove": null,
            "id": "sha256:411bc66a7adb849165d4e733707efe59d6b5edf8b4d96506cb6a1e31ba270199alpine:3.20",
            "image_id": "sha256:411bc66a7adb849165d4e733707efe59d6b5edf8b4d96506cb6a1e31ba270199",
            "keep_locally": null,
            "name": "alpine:3.20",
            "platform": null,
            "pull_triggers": null,
            "repo_digest": "alpine@sha256:b3119ef930faabb6b7b976780c0c7a9c1aa24d0c75e9179ac10e6bc9ac080d0d",
            "triggers": null
          },
          "sensitive_attributes": [],
          "private": "bnVsbA=="
        }
      ]
    },
    {
      "mode": "managed",
      "type": "docker_image",
      "name": "glpi",
      "provider": "provider[\"registry.terraform.io/kreuzwerker/docker\"]",
      "instances": [
        {
          "schema_version": 0,
          "attributes": {
            "build": [],
            "force_remove": null,
            "id": "sha256:08472c90fa201fd9628892153817d0909c4e494b2ca7be0d1e7ac11df6b414f9diouxx/glpi",
            "image_id": "sha256:08472c90fa201fd9628892153817d0909c4e494b2ca7be0d1e7ac11df6b414f9",
            "keep_locally": null,
            "name": "diouxx/glpi",
            "platform": null,
            "pull_triggers": null,
            "repo_digest": "diouxx/glpi@sha256:9ca43af63ddcb7e1c9b7b452a50b8204980ac549526dee1c00296793bfe7789f",
            "triggers": null
          },
          "sensitive_attributes": [],
          "private": "bnVsbA=="
        }
      ]
    },
    {
      "mode": "managed",
      "type": "docker_image",
      "name": "mariadb",
      "provider": "provider[\"registry.terraform.io/kreuzwerker/docker\"]",
      "instances": [
        {
          "schema_version": 0,
          "attributes": {
            "build": [],
            "force_remove": null,
            "id": "sha256:45e2873aa6dce2d4c4e4edb5f6c98cb164a8fa328b85f659bfdb452bc8f34357mariadb:10.11",
            "image_id": "sha256:45e2873aa6dce2d4c4e4edb5f6c98cb164a8fa328b85f659bfdb452bc8f34357",
            "keep_locally": null,
            "name": "mariadb:10.11",
            "platform": null,
            "pull_triggers": null,
            "repo_digest": "mariadb@sha256:24bb6e3d8e46f4581ddcc2b2c22fd78c99c77ac4e3fb7c9aba3a5c4c4d934ca2",
            "triggers": null
          },
          "sensitive_attributes": [],
          "private": "bnVsbA=="
        }
      ]
    },
    {
      "mode": "managed",
      "type": "docker_network",
      "name": "minicurso-net",
      "provider": "provider[\"registry.terraform.io/kreuzwerker/docker\"]",
      "instances": [
        {
          "schema_version": 1,
          "attributes": {
            "attachable": false,
            "check_duplicate": null,
            "driver": "bridge",
            "id": "6a6e350aa1727f694326907ebd2c17de6742d0c2a6f397680b6ecb819d634702",
            "ingress": false,
            "internal": false,
            "ipam_config": [
              {
                "aux_address": {},
                "gateway": "172.21.0.1",
                "ip_range": "",
                "subnet": "172.21.0.0/16"
              }
            ],
            "ipam_driver": "default",
            "ipam_options": null,
            "ipv6": false,
            "labels": [],
            "name": "minicurso-net",
            "options": {},
            "scope": "local"
          },
          "sensitive_attributes": [],
          "private": "eyJzY2hlbWFfdmVyc2lvbiI6IjEifQ=="
        }
      ]
    },
    {
      "module": "module.install_ansible",
      "mode": "managed",
      "type": "null_resource",
      "name": "install-alpine",
      "provider": "provider[\"registry.terraform.io/hashicorp/null\"]",
      "instances": [
        {
          "status": "tainted",
          "schema_version": 0,
          "attributes": {
            "id": "3336655006582498077",
            "triggers": null
          },
          "sensitive_attributes": [],
          "dependencies": [
            "docker_container.ansible",
            "docker_image.ansible",
            "docker_network.minicurso-net"
          ]
        }
      ]
    },
    {
      "module": "module.install_backup",
      "mode": "managed",
      "type": "null_resource",
      "name": "install-alpine",
      "provider": "provider[\"registry.terraform.io/hashicorp/null\"]",
      "instances": [
        {
          "status": "tainted",
          "schema_version": 0,
          "attributes": {
            "id": "6644584652590583421",
            "triggers": null
          },
          "sensitive_attributes": [],
          "dependencies": [
            "docker_container.backup",
            "docker_image.backup",
            "docker_network.minicurso-net"
          ]
        }
      ]
    },
    {
      "module": "module.install_glpi",
      "mode": "managed",
      "type": "null_resource",
      "name": "install",
      "provider": "provider[\"registry.terraform.io/hashicorp/null\"]",
      "instances": [
        {
          "schema_version": 0,
          "attributes": {
            "id": "8753416411455824485",
            "triggers": null
          },
          "sensitive_attributes": [],
          "dependencies": [
            "docker_container.glpi",
            "docker_container.mariadb",
            "docker_image.glpi",
            "docker_image.mariadb",
            "docker_network.minicurso-net"
          ]
        }
      ]
    },
    {
      "module": "module.install_mariadb",
      "mode": "managed",
      "type": "null_resource",
      "name": "install",
      "provider": "provider[\"registry.terraform.io/hashicorp/null\"]",
      "instances": [
        {
          "schema_version": 0,
          "attributes": {
            "id": "7048622170746995232",
            "triggers": null
          },
          "sensitive_attributes": [],
          "dependencies": [
            "docker_container.mariadb",
            "docker_image.mariadb",
            "docker_network.minicurso-net"
          ]
        }
      ]
    }
  ],
  "check_results": null
}
